
Microsoft Visual Studio Solution File, Format Version 12.00
# Visual Studio Version 17
VisualStudioVersion = 17.5.33516.290
MinimumVisualStudioVersion = 10.0.40219.1
Project("{FAE04EC0-301F-11D3-BF4B-00C04F79EFBC}") = "FundTracrkAPI", "FundTracrkAPI\FundTracrkAPI.csproj", "{3E8D2937-1C42-4655-B6FC-32FD4C795C3C}"
EndProject
Global
	GlobalSection(SolutionConfigurationPlatforms) = preSolution
		Debug|Any CPU = Debug|Any CPU
		Release|Any CPU = Release|Any CPU
	EndGlobalSection
	GlobalSection(ProjectConfigurationPlatforms) = postSolution
		{3E8D2937-1C42-4655-B6FC-32FD4C795C3C}.Debug|Any CPU.ActiveCfg = Debug|Any CPU
		{3E8D2937-1C42-4655-B6FC-32FD4C795C3C}.Debug|Any CPU.Build.0 = Debug|Any CPU
		{3E8D2937-1C42-4655-B6FC-32FD4C795C3C}.Release|Any CPU.ActiveCfg = Release|Any CPU
		{3E8D2937-1C42-4655-B6FC-32FD4C795C3C}.Release|Any CPU.Build.0 = Release|Any CPU
	EndGlobalSection
	GlobalSection(SolutionProperties) = preSolution
		HideSolutionNode = FALSE
	EndGlobalSection
	GlobalSection(ExtensibilityGlobals) = postSolution
		SolutionGuid = {06D5EBF5-9B33-4FB1-B652-FE6FC81CD0D0}
	EndGlobalSection
EndGlobal
